
Microsoft Visual Studio Solution File, Format Version 12.00
# Visual Studio Version 17
VisualStudioVersion = 17.0.31919.166
MinimumVisualStudioVersion = 10.0.40219.1
Project("{FAE04EC0-301F-11D3-BF4B-00C04F79EFBC}") = "BlazorDemoWasm", "BlazorDemoWasm\BlazorDemoWasm.csproj", "{1FB0DE3E-07EF-4C61-9CB5-F50EB5402F17}"
EndProject
Project("{FAE04EC0-301F-11D3-BF4B-00C04F79EFBC}") = "BlazorDemoServer", "BlazorDemoServer\BlazorDemoServer.csproj", "{BB8C7F21-8B82-4F48-86CC-2A575EA968E1}"
EndProject
Global
	GlobalSection(SolutionConfigurationPlatforms) = preSolution
		Debug|Any CPU = Debug|Any CPU
		Release|Any CPU = Release|Any CPU
	EndGlobalSection
	GlobalSection(ProjectConfigurationPlatforms) = postSolution
		{1FB0DE3E-07EF-4C61-9CB5-F50EB5402F17}.Debug|Any CPU.ActiveCfg = Debug|Any CPU
		{1FB0DE3E-07EF-4C61-9CB5-F50EB5402F17}.Debug|Any CPU.Build.0 = Debug|Any CPU
		{1FB0DE3E-07EF-4C61-9CB5-F50EB5402F17}.Release|Any CPU.ActiveCfg = Release|Any CPU
		{1FB0DE3E-07EF-4C61-9CB5-F50EB5402F17}.Release|Any CPU.Build.0 = Release|Any CPU
		{BB8C7F21-8B82-4F48-86CC-2A575EA968E1}.Debug|Any CPU.ActiveCfg = Debug|Any CPU
		{BB8C7F21-8B82-4F48-86CC-2A575EA968E1}.Debug|Any CPU.Build.0 = Debug|Any CPU
		{BB8C7F21-8B82-4F48-86CC-2A575EA968E1}.Release|Any CPU.ActiveCfg = Release|Any CPU
		{BB8C7F21-8B82-4F48-86CC-2A575EA968E1}.Release|Any CPU.Build.0 = Release|Any CPU
	EndGlobalSection
	GlobalSection(SolutionProperties) = preSolution
		HideSolutionNode = FALSE
	EndGlobalSection
	GlobalSection(ExtensibilityGlobals) = postSolution
		SolutionGuid = {A2A0D704-06C4-446E-B6DB-C60B0F381A4C}
	EndGlobalSection
EndGlobal
